// !$*UTF8*$!
{
	archiveVersion = 1;
	classes = {
	};
	objectVersion = 51;
	objects = {

/* Begin PBXBuildFile section */
		0C01E60A23D7160200D004A7 /* customThumbSlider.swift in Sources */ = {isa = PBXBuildFile; fileRef = 0C01E60923D7160200D004A7 /* customThumbSlider.swift */; };
		0C01E60C23D79BBB00D004A7 /* CountdownView.swift in Sources */ = {isa = PBXBuildFile; fileRef = 0C01E60B23D79BBB00D004A7 /* CountdownView.swift */; };
		0C10DEAE23D4DB30007F9DE7 /* Exercise20.swift in Sources */ = {isa = PBXBuildFile; fileRef = 0C10DEAD23D4DB30007F9DE7 /* Exercise20.swift */; };
		0C16215223D323DC00A754A7 /* Exercise16.swift in Sources */ = {isa = PBXBuildFile; fileRef = 0C16215123D323DC00A754A7 /* Exercise16.swift */; };
		0C16215423D36D2200A754A7 /* Exercise17.swift in Sources */ = {isa = PBXBuildFile; fileRef = 0C16215323D36D2200A754A7 /* Exercise17.swift */; };
		0C1EC3B323DBAF3000D15959 /* problemCell.swift in Sources */ = {isa = PBXBuildFile; fileRef = 0C1EC3B223DBAF3000D15959 /* problemCell.swift */; };
		0C3163D623CDC604003FC921 /* Podfile in Resources */ = {isa = PBXBuildFile; fileRef = 0C3163D523CDC604003FC921 /* Podfile */; };
		0C3163E023CE53F3003FC921 /* contentCell.swift in Sources */ = {isa = PBXBuildFile; fileRef = 0C3163DF23CE53F3003FC921 /* contentCell.swift */; };
		0C4B7C4A23D3AE9200D36E53 /* Exercise18.swift in Sources */ = {isa = PBXBuildFile; fileRef = 0C4B7C4923D3AE9200D36E53 /* Exercise18.swift */; };
		0C4B7C4C23D4039300D36E53 /* Exercise19.swift in Sources */ = {isa = PBXBuildFile; fileRef = 0C4B7C4B23D4039300D36E53 /* Exercise19.swift */; };
		0C53B78923D2B5270019B36E /* Exercise12.swift in Sources */ = {isa = PBXBuildFile; fileRef = 0C53B78823D2B5270019B36E /* Exercise12.swift */; };
		0C53B78B23D2C57F0019B36E /* Exercise13.swift in Sources */ = {isa = PBXBuildFile; fileRef = 0C53B78A23D2C57F0019B36E /* Exercise13.swift */; };
		0C53B78D23D2E2270019B36E /* Exercise14.swift in Sources */ = {isa = PBXBuildFile; fileRef = 0C53B78C23D2E2270019B36E /* Exercise14.swift */; };
		0C53B78F23D2E9480019B36E /* Exercise15.swift in Sources */ = {isa = PBXBuildFile; fileRef = 0C53B78E23D2E9480019B36E /* Exercise15.swift */; };
		0C5ED22823D205F9007270E0 /* Exercise11.swift in Sources */ = {isa = PBXBuildFile; fileRef = 0C5ED22723D205F9007270E0 /* Exercise11.swift */; };
		0C5ED22C23D207D9007270E0 /* Exercise2.swift in Sources */ = {isa = PBXBuildFile; fileRef = 0C5ED22B23D207D9007270E0 /* Exercise2.swift */; };
		0C88401A23DCCCF600741906 /* NewLaunchScreen.storyboard in Resources */ = {isa = PBXBuildFile; fileRef = 0C88401923DCCCF600741906 /* NewLaunchScreen.storyboard */; };
		0CCCD19E23DC0CEB007B6F51 /* editContent.swift in Sources */ = {isa = PBXBuildFile; fileRef = 0CCCD19D23DC0CEB007B6F51 /* editContent.swift */; };
		0CF9C4FC23CED50C002C0960 /* Exercise3.swift in Sources */ = {isa = PBXBuildFile; fileRef = 0CF9C4FB23CED50C002C0960 /* Exercise3.swift */; };
		0CFBAABA23CF019B00539B5D /* Exercise4.swift in Sources */ = {isa = PBXBuildFile; fileRef = 0CFBAAB923CF019B00539B5D /* Exercise4.swift */; };
		0CFBAAC023CF0C2200539B5D /* Exercise5.swift in Sources */ = {isa = PBXBuildFile; fileRef = 0CFBAABF23CF0C2200539B5D /* Exercise5.swift */; };
		0CFBAAC223CF102000539B5D /* Exercise6.swift in Sources */ = {isa = PBXBuildFile; fileRef = 0CFBAAC123CF102000539B5D /* Exercise6.swift */; };
		0CFBAAC423CF17F300539B5D /* Exercise7.swift in Sources */ = {isa = PBXBuildFile; fileRef = 0CFBAAC323CF17F300539B5D /* Exercise7.swift */; };
		848B3225237C413600EF1F3C /* AppDelegate.swift in Sources */ = {isa = PBXBuildFile; fileRef = 848B3224237C413600EF1F3C /* AppDelegate.swift */; };
		848B3227237C413600EF1F3C /* ViewController.swift in Sources */ = {isa = PBXBuildFile; fileRef = 848B3226237C413600EF1F3C /* ViewController.swift */; };
		848B322A237C413600EF1F3C /* Main.storyboard in Resources */ = {isa = PBXBuildFile; fileRef = 848B3228237C413600EF1F3C /* Main.storyboard */; };
		848B322D237C413600EF1F3C /* ReadSpeed.xcdatamodeld in Sources */ = {isa = PBXBuildFile; fileRef = 848B322B237C413600EF1F3C /* ReadSpeed.xcdatamodeld */; };
		848B322F237C413700EF1F3C /* Assets.xcassets in Resources */ = {isa = PBXBuildFile; fileRef = 848B322E237C413700EF1F3C /* Assets.xcassets */; };
		848B323C237C53C700EF1F3C /* ExerciseVC.swift in Sources */ = {isa = PBXBuildFile; fileRef = 848B323B237C53C700EF1F3C /* ExerciseVC.swift */; };
		848B3240237C697100EF1F3C /* Exercises.swift in Sources */ = {isa = PBXBuildFile; fileRef = 848B323F237C697100EF1F3C /* Exercises.swift */; };
		B8CA54C83E18BDF7DD1AEA07 /* Pods_ReadSpeed.framework in Frameworks */ = {isa = PBXBuildFile; fileRef = B659C2C5F3E46041536A0DFB /* Pods_ReadSpeed.framework */; };
/* End PBXBuildFile section */

/* Begin PBXFileReference section */
		0C01E60923D7160200D004A7 /* customThumbSlider.swift */ = {isa = PBXFileReference; lastKnownFileType = sourcecode.swift; path = customThumbSlider.swift; sourceTree = "<group>"; };
		0C01E60B23D79BBB00D004A7 /* CountdownView.swift */ = {isa = PBXFileReference; lastKnownFileType = sourcecode.swift; path = CountdownView.swift; sourceTree = "<group>"; };
		0C10DEAD23D4DB30007F9DE7 /* Exercise20.swift */ = {isa = PBXFileReference; lastKnownFileType = sourcecode.swift; path = Exercise20.swift; sourceTree = "<group>"; };
		0C16215123D323DC00A754A7 /* Exercise16.swift */ = {isa = PBXFileReference; lastKnownFileType = sourcecode.swift; path = Exercise16.swift; sourceTree = "<group>"; };
		0C16215323D36D2200A754A7 /* Exercise17.swift */ = {isa = PBXFileReference; lastKnownFileType = sourcecode.swift; path = Exercise17.swift; sourceTree = "<group>"; };
		0C1EC3B223DBAF3000D15959 /* problemCell.swift */ = {isa = PBXFileReference; lastKnownFileType = sourcecode.swift; path = problemCell.swift; sourceTree = "<group>"; };
		0C3163D523CDC604003FC921 /* Podfile */ = {isa = PBXFileReference; lastKnownFileType = text; path = Podfile; sourceTree = "<group>"; xcLanguageSpecificationIdentifier = xcode.lang.ruby; };
		0C3163DF23CE53F3003FC921 /* contentCell.swift */ = {isa = PBXFileReference; lastKnownFileType = sourcecode.swift; path = contentCell.swift; sourceTree = "<group>"; };
		0C4B7C4923D3AE9200D36E53 /* Exercise18.swift */ = {isa = PBXFileReference; lastKnownFileType = sourcecode.swift; path = Exercise18.swift; sourceTree = "<group>"; };
		0C4B7C4B23D4039300D36E53 /* Exercise19.swift */ = {isa = PBXFileReference; lastKnownFileType = sourcecode.swift; path = Exercise19.swift; sourceTree = "<group>"; };
		0C53B78823D2B5270019B36E /* Exercise12.swift */ = {isa = PBXFileReference; lastKnownFileType = sourcecode.swift; path = Exercise12.swift; sourceTree = "<group>"; };
		0C53B78A23D2C57F0019B36E /* Exercise13.swift */ = {isa = PBXFileReference; lastKnownFileType = sourcecode.swift; path = Exercise13.swift; sourceTree = "<group>"; };
		0C53B78C23D2E2270019B36E /* Exercise14.swift */ = {isa = PBXFileReference; lastKnownFileType = sourcecode.swift; path = Exercise14.swift; sourceTree = "<group>"; };
		0C53B78E23D2E9480019B36E /* Exercise15.swift */ = {isa = PBXFileReference; lastKnownFileType = sourcecode.swift; path = Exercise15.swift; sourceTree = "<group>"; };
		0C5ED22723D205F9007270E0 /* Exercise11.swift */ = {isa = PBXFileReference; lastKnownFileType = sourcecode.swift; path = Exercise11.swift; sourceTree = "<group>"; };
		0C5ED22B23D207D9007270E0 /* Exercise2.swift */ = {isa = PBXFileReference; indentWidth = 4; lastKnownFileType = sourcecode.swift; path = Exercise2.swift; sourceTree = "<group>"; };
		0C88401923DCCCF600741906 /* NewLaunchScreen.storyboard */ = {isa = PBXFileReference; lastKnownFileType = file.storyboard; path = NewLaunchScreen.storyboard; sourceTree = "<group>"; };
		0CCCD19D23DC0CEB007B6F51 /* editContent.swift */ = {isa = PBXFileReference; lastKnownFileType = sourcecode.swift; path = editContent.swift; sourceTree = "<group>"; };
		0CF9C4FB23CED50C002C0960 /* Exercise3.swift */ = {isa = PBXFileReference; lastKnownFileType = sourcecode.swift; path = Exercise3.swift; sourceTree = "<group>"; };
		0CFBAAB923CF019B00539B5D /* Exercise4.swift */ = {isa = PBXFileReference; lastKnownFileType = sourcecode.swift; path = Exercise4.swift; sourceTree = "<group>"; };
		0CFBAABF23CF0C2200539B5D /* Exercise5.swift */ = {isa = PBXFileReference; lastKnownFileType = sourcecode.swift; path = Exercise5.swift; sourceTree = "<group>"; };
		0CFBAAC123CF102000539B5D /* Exercise6.swift */ = {isa = PBXFileReference; lastKnownFileType = sourcecode.swift; path = Exercise6.swift; sourceTree = "<group>"; };
		0CFBAAC323CF17F300539B5D /* Exercise7.swift */ = {isa = PBXFileReference; lastKnownFileType = sourcecode.swift; path = Exercise7.swift; sourceTree = "<group>"; };
		5E8E73DFD03FDD35C782D2F9 /* Pods-ReadSpeed.release.xcconfig */ = {isa = PBXFileReference; includeInIndex = 1; lastKnownFileType = text.xcconfig; name = "Pods-ReadSpeed.release.xcconfig"; path = "Target Support Files/Pods-ReadSpeed/Pods-ReadSpeed.release.xcconfig"; sourceTree = "<group>"; };
		848B3221237C413600EF1F3C /* ReadSpeed.app */ = {isa = PBXFileReference; explicitFileType = wrapper.application; includeInIndex = 0; path = ReadSpeed.app; sourceTree = BUILT_PRODUCTS_DIR; };
		848B3224237C413600EF1F3C /* AppDelegate.swift */ = {isa = PBXFileReference; lastKnownFileType = sourcecode.swift; path = AppDelegate.swift; sourceTree = "<group>"; };
		848B3226237C413600EF1F3C /* ViewController.swift */ = {isa = PBXFileReference; lastKnownFileType = sourcecode.swift; path = ViewController.swift; sourceTree = "<group>"; };
		848B3229237C413600EF1F3C /* Base */ = {isa = PBXFileReference; lastKnownFileType = file.storyboard; name = Base; path = Base.lproj/Main.storyboard; sourceTree = "<group>"; };
		848B322C237C413600EF1F3C /* ReadSpeed.xcdatamodel */ = {isa = PBXFileReference; lastKnownFileType = wrapper.xcdatamodel; path = ReadSpeed.xcdatamodel; sourceTree = "<group>"; };
		848B322E237C413700EF1F3C /* Assets.xcassets */ = {isa = PBXFileReference; lastKnownFileType = folder.assetcatalog; path = Assets.xcassets; sourceTree = "<group>"; };
		848B3233237C413700EF1F3C /* Info.plist */ = {isa = PBXFileReference; lastKnownFileType = text.plist.xml; path = Info.plist; sourceTree = "<group>"; };
		848B323B237C53C700EF1F3C /* ExerciseVC.swift */ = {isa = PBXFileReference; lastKnownFileType = sourcecode.swift; path = ExerciseVC.swift; sourceTree = "<group>"; };
		848B323F237C697100EF1F3C /* Exercises.swift */ = {isa = PBXFileReference; lastKnownFileType = sourcecode.swift; path = Exercises.swift; sourceTree = "<group>"; };
		B659C2C5F3E46041536A0DFB /* Pods_ReadSpeed.framework */ = {isa = PBXFileReference; explicitFileType = wrapper.framework; includeInIndex = 0; path = Pods_ReadSpeed.framework; sourceTree = BUILT_PRODUCTS_DIR; };
		B68B61734CE9C44E7409100E /* Pods-ReadSpeed.debug.xcconfig */ = {isa = PBXFileReference; includeInIndex = 1; lastKnownFileType = text.xcconfig; name = "Pods-ReadSpeed.debug.xcconfig"; path = "Target Support Files/Pods-ReadSpeed/Pods-ReadSpeed.debug.xcconfig"; sourceTree = "<group>"; };
/* End PBXFileReference section */

/* Begin PBXFrameworksBuildPhase section */
		848B321E237C413600EF1F3C /* Frameworks */ = {
			isa = PBXFrameworksBuildPhase;
			buildActionMask = 2147483647;
			files = (
				B8CA54C83E18BDF7DD1AEA07 /* Pods_ReadSpeed.framework in Frameworks */,
			);
			runOnlyForDeploymentPostprocessing = 0;
		};
/* End PBXFrameworksBuildPhase section */

/* Begin PBXGroup section */
		0C0EFA9A23CD9B7300416E6A /* Model */ = {
			isa = PBXGroup;
			children = (
				848B323F237C697100EF1F3C /* Exercises.swift */,
			);
			path = Model;
			sourceTree = "<group>";
		};
		0C0EFA9B23CD9BA900416E6A /* View */ = {
			isa = PBXGroup;
			children = (
				0C3163DF23CE53F3003FC921 /* contentCell.swift */,
				0C01E60923D7160200D004A7 /* customThumbSlider.swift */,
				0C01E60B23D79BBB00D004A7 /* CountdownView.swift */,
				0C1EC3B223DBAF3000D15959 /* problemCell.swift */,
			);
			path = View;
			sourceTree = "<group>";
		};
		0C0EFA9C23CD9BB900416E6A /* Controller */ = {
			isa = PBXGroup;
			children = (
				848B3224237C413600EF1F3C /* AppDelegate.swift */,
				848B323B237C53C700EF1F3C /* ExerciseVC.swift */,
				848B3226237C413600EF1F3C /* ViewController.swift */,
				0C5ED22B23D207D9007270E0 /* Exercise2.swift */,
				0CF9C4FB23CED50C002C0960 /* Exercise3.swift */,
				0CFBAAB923CF019B00539B5D /* Exercise4.swift */,
				0CFBAABF23CF0C2200539B5D /* Exercise5.swift */,
				0CFBAAC123CF102000539B5D /* Exercise6.swift */,
				0CFBAAC323CF17F300539B5D /* Exercise7.swift */,
				0C5ED22723D205F9007270E0 /* Exercise11.swift */,
				0C53B78823D2B5270019B36E /* Exercise12.swift */,
				0C53B78A23D2C57F0019B36E /* Exercise13.swift */,
				0C53B78C23D2E2270019B36E /* Exercise14.swift */,
				0C53B78E23D2E9480019B36E /* Exercise15.swift */,
				0C16215123D323DC00A754A7 /* Exercise16.swift */,
				0C16215323D36D2200A754A7 /* Exercise17.swift */,
				0C4B7C4923D3AE9200D36E53 /* Exercise18.swift */,
				0C4B7C4B23D4039300D36E53 /* Exercise19.swift */,
				0C10DEAD23D4DB30007F9DE7 /* Exercise20.swift */,
				0CCCD19D23DC0CEB007B6F51 /* editContent.swift */,
			);
			path = Controller;
			sourceTree = "<group>";
		};
		0C0EFA9D23CD9BC200416E6A /* Resources */ = {
			isa = PBXGroup;
			children = (
				848B322B237C413600EF1F3C /* ReadSpeed.xcdatamodeld */,
				848B3228237C413600EF1F3C /* Main.storyboard */,
				848B322E237C413700EF1F3C /* Assets.xcassets */,
				0C88401923DCCCF600741906 /* NewLaunchScreen.storyboard */,
			);
			path = Resources;
			sourceTree = "<group>";
		};
		0C0EFA9E23CD9BD200416E6A /* SupportedFiles */ = {
			isa = PBXGroup;
			children = (
				848B3233237C413700EF1F3C /* Info.plist */,
			);
			path = SupportedFiles;
			sourceTree = "<group>";
		};
		848B3218237C413600EF1F3C = {
			isa = PBXGroup;
			children = (
				0C3163D523CDC604003FC921 /* Podfile */,
				848B3223237C413600EF1F3C /* ReadSpeed */,
				848B3222237C413600EF1F3C /* Products */,
				AE26630514CCC2919C7740E9 /* Pods */,
				952188362E7B7E5C211CD7CD /* Frameworks */,
			);
			sourceTree = "<group>";
		};
		848B3222237C413600EF1F3C /* Products */ = {
			isa = PBXGroup;
			children = (
				848B3221237C413600EF1F3C /* ReadSpeed.app */,
			);
			name = Products;
			sourceTree = "<group>";
		};
		848B3223237C413600EF1F3C /* ReadSpeed */ = {
			isa = PBXGroup;
			children = (
				0C0EFA9A23CD9B7300416E6A /* Model */,
				0C0EFA9B23CD9BA900416E6A /* View */,
				0C0EFA9C23CD9BB900416E6A /* Controller */,
				0C0EFA9D23CD9BC200416E6A /* Resources */,
				0C0EFA9E23CD9BD200416E6A /* SupportedFiles */,
			);
			path = ReadSpeed;
			sourceTree = "<group>";
		};
		952188362E7B7E5C211CD7CD /* Frameworks */ = {
			isa = PBXGroup;
			children = (
				B659C2C5F3E46041536A0DFB /* Pods_ReadSpeed.framework */,
			);
			name = Frameworks;
			sourceTree = "<group>";
		};
		AE26630514CCC2919C7740E9 /* Pods */ = {
			isa = PBXGroup;
			children = (
				B68B61734CE9C44E7409100E /* Pods-ReadSpeed.debug.xcconfig */,
				5E8E73DFD03FDD35C782D2F9 /* Pods-ReadSpeed.release.xcconfig */,
			);
			path = Pods;
			sourceTree = "<group>";
		};
/* End PBXGroup section */

/* Begin PBXNativeTarget section */
		848B3220237C413600EF1F3C /* ReadSpeed */ = {
			isa = PBXNativeTarget;
			buildConfigurationList = 848B3236237C413700EF1F3C /* Build configuration list for PBXNativeTarget "ReadSpeed" */;
			buildPhases = (
				9C98BEB1F01B6208E375CFAE /* [CP] Check Pods Manifest.lock */,
				848B321D237C413600EF1F3C /* Sources */,
				848B321E237C413600EF1F3C /* Frameworks */,
				848B321F237C413600EF1F3C /* Resources */,
				65D6E6F1A2F46DC3AA40D936 /* [CP] Embed Pods Frameworks */,
			);
			buildRules = (
			);
			dependencies = (
			);
			name = ReadSpeed;
			productName = ReadSpeed;
			productReference = 848B3221237C413600EF1F3C /* ReadSpeed.app */;
			productType = "com.apple.product-type.application";
		};
/* End PBXNativeTarget section */

/* Begin PBXProject section */
		848B3219237C413600EF1F3C /* Project object */ = {
			isa = PBXProject;
			attributes = {
				LastSwiftUpdateCheck = 1020;
				LastUpgradeCheck = 1020;
				ORGANIZATIONNAME = mfk;
				TargetAttributes = {
					848B3220237C413600EF1F3C = {
						CreatedOnToolsVersion = 10.2;
					};
				};
			};
			buildConfigurationList = 848B321C237C413600EF1F3C /* Build configuration list for PBXProject "ReadSpeed" */;
			compatibilityVersion = "Xcode 9.3";
			developmentRegion = en;
			hasScannedForEncodings = 0;
			knownRegions = (
				en,
				Base,
			);
			mainGroup = 848B3218237C413600EF1F3C;
			productRefGroup = 848B3222237C413600EF1F3C /* Products */;
			projectDirPath = "";
			projectRoot = "";
			targets = (
				848B3220237C413600EF1F3C /* ReadSpeed */,
			);
		};
/* End PBXProject section */

/* Begin PBXResourcesBuildPhase section */
		848B321F237C413600EF1F3C /* Resources */ = {
			isa = PBXResourcesBuildPhase;
			buildActionMask = 2147483647;
			files = (
				848B322F237C413700EF1F3C /* Assets.xcassets in Resources */,
				0C3163D623CDC604003FC921 /* Podfile in Resources */,
				848B322A237C413600EF1F3C /* Main.storyboard in Resources */,
				0C88401A23DCCCF600741906 /* NewLaunchScreen.storyboard in Resources */,
			);
			runOnlyForDeploymentPostprocessing = 0;
		};
/* End PBXResourcesBuildPhase section */

/* Begin PBXShellScriptBuildPhase section */
		65D6E6F1A2F46DC3AA40D936 /* [CP] Embed Pods Frameworks */ = {
			isa = PBXShellScriptBuildPhase;
			buildActionMask = 2147483647;
			files = (
			);
			inputFileListPaths = (
				"${PODS_ROOT}/Target Support Files/Pods-ReadSpeed/Pods-ReadSpeed-frameworks-${CONFIGURATION}-input-files.xcfilelist",
			);
			name = "[CP] Embed Pods Frameworks";
			outputFileListPaths = (
				"${PODS_ROOT}/Target Support Files/Pods-ReadSpeed/Pods-ReadSpeed-frameworks-${CONFIGURATION}-output-files.xcfilelist",
			);
			runOnlyForDeploymentPostprocessing = 0;
			shellPath = /bin/sh;
			shellScript = "\"${PODS_ROOT}/Target Support Files/Pods-ReadSpeed/Pods-ReadSpeed-frameworks.sh\"\n";
			showEnvVarsInLog = 0;
		};
		9C98BEB1F01B6208E375CFAE /* [CP] Check Pods Manifest.lock */ = {
			isa = PBXShellScriptBuildPhase;
			buildActionMask = 2147483647;
			files = (
			);
			inputFileListPaths = (
			);
			inputPaths = (
				"${PODS_PODFILE_DIR_PATH}/Podfile.lock",
				"${PODS_ROOT}/Manifest.lock",
			);
			name = "[CP] Check Pods Manifest.lock";
			outputFileListPaths = (
			);
			outputPaths = (
				"$(DERIVED_FILE_DIR)/Pods-ReadSpeed-checkManifestLockResult.txt",
			);
			runOnlyForDeploymentPostprocessing = 0;
			shellPath = /bin/sh;
			shellScript = "diff \"${PODS_PODFILE_DIR_PATH}/Podfile.lock\" \"${PODS_ROOT}/Manifest.lock\" > /dev/null\nif [ $? != 0 ] ; then\n    # print error to STDERR\n    echo \"error: The sandbox is not in sync with the Podfile.lock. Run 'pod install' or update your CocoaPods installation.\" >&2\n    exit 1\nfi\n# This output is used by Xcode 'outputs' to avoid re-running this script phase.\necho \"SUCCESS\" > \"${SCRIPT_OUTPUT_FILE_0}\"\n";
			showEnvVarsInLog = 0;
		};
/* End PBXShellScriptBuildPhase section */

/* Begin PBXSourcesBuildPhase section */
		848B321D237C413600EF1F3C /* Sources */ = {
			isa = PBXSourcesBuildPhase;
			buildActionMask = 2147483647;
			files = (
				0C01E60A23D7160200D004A7 /* customThumbSlider.swift in Sources */,
				0C01E60C23D79BBB00D004A7 /* CountdownView.swift in Sources */,
				0C53B78F23D2E9480019B36E /* Exercise15.swift in Sources */,
				0C53B78923D2B5270019B36E /* Exercise12.swift in Sources */,
				0CFBAAC223CF102000539B5D /* Exercise6.swift in Sources */,
				0C16215423D36D2200A754A7 /* Exercise17.swift in Sources */,
				848B323C237C53C700EF1F3C /* ExerciseVC.swift in Sources */,
				848B3227237C413600EF1F3C /* ViewController.swift in Sources */,
				0CCCD19E23DC0CEB007B6F51 /* editContent.swift in Sources */,
				0C5ED22C23D207D9007270E0 /* Exercise2.swift in Sources */,
				0C4B7C4C23D4039300D36E53 /* Exercise19.swift in Sources */,
				848B3240237C697100EF1F3C /* Exercises.swift in Sources */,
				0C4B7C4A23D3AE9200D36E53 /* Exercise18.swift in Sources */,
				0C3163E023CE53F3003FC921 /* contentCell.swift in Sources */,
				0CFBAAC423CF17F300539B5D /* Exercise7.swift in Sources */,
				0C53B78D23D2E2270019B36E /* Exercise14.swift in Sources */,
				0C16215223D323DC00A754A7 /* Exercise16.swift in Sources */,
				848B3225237C413600EF1F3C /* AppDelegate.swift in Sources */,
				0CF9C4FC23CED50C002C0960 /* Exercise3.swift in Sources */,
				848B322D237C413600EF1F3C /* ReadSpeed.xcdatamodeld in Sources */,
				0C5ED22823D205F9007270E0 /* Exercise11.swift in Sources */,
				0CFBAAC023CF0C2200539B5D /* Exercise5.swift in Sources */,
				0C53B78B23D2C57F0019B36E /* Exercise13.swift in Sources */,
				0CFBAABA23CF019B00539B5D /* Exercise4.swift in Sources */,
				0C10DEAE23D4DB30007F9DE7 /* Exercise20.swift in Sources */,
				0C1EC3B323DBAF3000D15959 /* problemCell.swift in Sources */,
			);
			runOnlyForDeploymentPostprocessing = 0;
		};
/* End PBXSourcesBuildPhase section */

/* Begin PBXVariantGroup section */
		848B3228237C413600EF1F3C /* Main.storyboard */ = {
			isa = PBXVariantGroup;
			children = (
				848B3229237C413600EF1F3C /* Base */,
			);
			name = Main.storyboard;
			sourceTree = "<group>";
		};
/* End PBXVariantGroup section */

/* Begin XCBuildConfiguration section */
		848B3234237C413700EF1F3C /* Debug */ = {
			isa = XCBuildConfiguration;
			buildSettings = {
				ALWAYS_SEARCH_USER_PATHS = NO;
				CLANG_ANALYZER_NONNULL = YES;
				CLANG_ANALYZER_NUMBER_OBJECT_CONVERSION = YES_AGGRESSIVE;
				CLANG_CXX_LANGUAGE_STANDARD = "gnu++14";
				CLANG_CXX_LIBRARY = "libc++";
				CLANG_ENABLE_MODULES = YES;
				CLANG_ENABLE_OBJC_ARC = YES;
				CLANG_ENABLE_OBJC_WEAK = YES;
				CLANG_WARN_BLOCK_CAPTURE_AUTORELEASING = YES;
				CLANG_WARN_BOOL_CONVERSION = YES;
				CLANG_WARN_COMMA = YES;
				CLANG_WARN_CONSTANT_CONVERSION = YES;
				CLANG_WARN_DEPRECATED_OBJC_IMPLEMENTATIONS = YES;
				CLANG_WARN_DIRECT_OBJC_ISA_USAGE = YES_ERROR;
				CLANG_WARN_DOCUMENTATION_COMMENTS = YES;
				CLANG_WARN_EMPTY_BODY = YES;
				CLANG_WARN_ENUM_CONVERSION = YES;
				CLANG_WARN_INFINITE_RECURSION = YES;
				CLANG_WARN_INT_CONVERSION = YES;
				CLANG_WARN_NON_LITERAL_NULL_CONVERSION = YES;
				CLANG_WARN_OBJC_IMPLICIT_RETAIN_SELF = YES;
				CLANG_WARN_OBJC_LITERAL_CONVERSION = YES;
				CLANG_WARN_OBJC_ROOT_CLASS = YES_ERROR;
				CLANG_WARN_RANGE_LOOP_ANALYSIS = YES;
				CLANG_WARN_STRICT_PROTOTYPES = YES;
				CLANG_WARN_SUSPICIOUS_MOVE = YES;
				CLANG_WARN_UNGUARDED_AVAILABILITY = YES_AGGRESSIVE;
				CLANG_WARN_UNREACHABLE_CODE = YES;
				CLANG_WARN__DUPLICATE_METHOD_MATCH = YES;
				CODE_SIGN_IDENTITY = "iPhone Developer";
				COPY_PHASE_STRIP = NO;
				DEBUG_INFORMATION_FORMAT = dwarf;
				ENABLE_STRICT_OBJC_MSGSEND = YES;
				ENABLE_TESTABILITY = YES;
				GCC_C_LANGUAGE_STANDARD = gnu11;
				GCC_DYNAMIC_NO_PIC = NO;
				GCC_NO_COMMON_BLOCKS = YES;
				GCC_OPTIMIZATION_LEVEL = 0;
				GCC_PREPROCESSOR_DEFINITIONS = (
					"DEBUG=1",
					"$(inherited)",
				);
				GCC_WARN_64_TO_32_BIT_CONVERSION = YES;
				GCC_WARN_ABOUT_RETURN_TYPE = YES_ERROR;
				GCC_WARN_UNDECLARED_SELECTOR = YES;
				GCC_WARN_UNINITIALIZED_AUTOS = YES_AGGRESSIVE;
				GCC_WARN_UNUSED_FUNCTION = YES;
				GCC_WARN_UNUSED_VARIABLE = YES;
				IPHONEOS_DEPLOYMENT_TARGET = 12.2;
				MTL_ENABLE_DEBUG_INFO = INCLUDE_SOURCE;
				MTL_FAST_MATH = YES;
				ONLY_ACTIVE_ARCH = YES;
				SDKROOT = iphoneos;
				SWIFT_ACTIVE_COMPILATION_CONDITIONS = DEBUG;
				SWIFT_OPTIMIZATION_LEVEL = "-Onone";
			};
			name = Debug;
		};
		848B3235237C413700EF1F3C /* Release */ = {
			isa = XCBuildConfiguration;
			buildSettings = {
				ALWAYS_SEARCH_USER_PATHS = NO;
				CLANG_ANALYZER_NONNULL = YES;
				CLANG_ANALYZER_NUMBER_OBJECT_CONVERSION = YES_AGGRESSIVE;
				CLANG_CXX_LANGUAGE_STANDARD = "gnu++14";
				CLANG_CXX_LIBRARY = "libc++";
				CLANG_ENABLE_MODULES = YES;
				CLANG_ENABLE_OBJC_ARC = YES;
				CLANG_ENABLE_OBJC_WEAK = YES;
				CLANG_WARN_BLOCK_CAPTURE_AUTORELEASING = YES;
				CLANG_WARN_BOOL_CONVERSION = YES;
				CLANG_WARN_COMMA = YES;
				CLANG_WARN_CONSTANT_CONVERSION = YES;
				CLANG_WARN_DEPRECATED_OBJC_IMPLEMENTATIONS = YES;
				CLANG_WARN_DIRECT_OBJC_ISA_USAGE = YES_ERROR;
				CLANG_WARN_DOCUMENTATION_COMMENTS = YES;
				CLANG_WARN_EMPTY_BODY = YES;
				CLANG_WARN_ENUM_CONVERSION = YES;
				CLANG_WARN_INFINITE_RECURSION = YES;
				CLANG_WARN_INT_CONVERSION = YES;
				CLANG_WARN_NON_LITERAL_NULL_CONVERSION = YES;
				CLANG_WARN_OBJC_IMPLICIT_RETAIN_SELF = YES;
				CLANG_WARN_OBJC_LITERAL_CONVERSION = YES;
				CLANG_WARN_OBJC_ROOT_CLASS = YES_ERROR;
				CLANG_WARN_RANGE_LOOP_ANALYSIS = YES;
				CLANG_WARN_STRICT_PROTOTYPES = YES;
				CLANG_WARN_SUSPICIOUS_MOVE = YES;
				CLANG_WARN_UNGUARDED_AVAILABILITY = YES_AGGRESSIVE;
				CLANG_WARN_UNREACHABLE_CODE = YES;
				CLANG_WARN__DUPLICATE_METHOD_MATCH = YES;
				CODE_SIGN_IDENTITY = "iPhone Developer";
				COPY_PHASE_STRIP = NO;
				DEBUG_INFORMATION_FORMAT = "dwarf-with-dsym";
				ENABLE_NS_ASSERTIONS = NO;
				ENABLE_STRICT_OBJC_MSGSEND = YES;
				GCC_C_LANGUAGE_STANDARD = gnu11;
				GCC_NO_COMMON_BLOCKS = YES;
				GCC_WARN_64_TO_32_BIT_CONVERSION = YES;
				GCC_WARN_ABOUT_RETURN_TYPE = YES_ERROR;
				GCC_WARN_UNDECLARED_SELECTOR = YES;
				GCC_WARN_UNINITIALIZED_AUTOS = YES_AGGRESSIVE;
				GCC_WARN_UNUSED_FUNCTION = YES;
				GCC_WARN_UNUSED_VARIABLE = YES;
				IPHONEOS_DEPLOYMENT_TARGET = 12.2;
				MTL_ENABLE_DEBUG_INFO = NO;
				MTL_FAST_MATH = YES;
				SDKROOT = iphoneos;
				SWIFT_COMPILATION_MODE = wholemodule;
				SWIFT_OPTIMIZATION_LEVEL = "-O";
				VALIDATE_PRODUCT = YES;
			};
			name = Release;
		};
		848B3237237C413700EF1F3C /* Debug */ = {
			isa = XCBuildConfiguration;
			baseConfigurationReference = B68B61734CE9C44E7409100E /* Pods-ReadSpeed.debug.xcconfig */;
			buildSettings = {
				ASSETCATALOG_COMPILER_APPICON_NAME = AppIcon;
				CODE_SIGN_STYLE = Automatic;
				CURRENT_PROJECT_VERSION = 1;
				DEVELOPMENT_TEAM = NJ7HGZPJ79;
				INFOPLIST_FILE = ReadSpeed/SupportedFiles/Info.plist;
				LD_RUNPATH_SEARCH_PATHS = (
					"$(inherited)",
					"@executable_path/Frameworks",
				);
				MARKETING_VERSION = 1.0;
				PRODUCT_BUNDLE_IDENTIFIER = org.tayto.ReadSpeed.ReadSpeed;
				PRODUCT_NAME = ReadSpeed;
				SWIFT_VERSION = 5.0;
				TARGETED_DEVICE_FAMILY = "1,2";
			};
			name = Debug;
		};
		848B3238237C413700EF1F3C /* Release */ = {
			isa = XCBuildConfiguration;
			baseConfigurationReference = 5E8E73DFD03FDD35C782D2F9 /* Pods-ReadSpeed.release.xcconfig */;
			buildSettings = {
				ASSETCATALOG_COMPILER_APPICON_NAME = AppIcon;
				CODE_SIGN_STYLE = Automatic;
				CURRENT_PROJECT_VERSION = 1;
				DEVELOPMENT_TEAM = NJ7HGZPJ79;
				INFOPLIST_FILE = ReadSpeed/SupportedFiles/Info.plist;
				LD_RUNPATH_SEARCH_PATHS = (
					"$(inherited)",
					"@executable_path/Frameworks",
				);
				MARKETING_VERSION = 1.0;
				PRODUCT_BUNDLE_IDENTIFIER = org.tayto.ReadSpeed.ReadSpeed;
				PRODUCT_NAME = ReadSpeed;
				SWIFT_VERSION = 5.0;
				TARGETED_DEVICE_FAMILY = "1,2";
			};
			name = Release;
		};
/* End XCBuildConfiguration section */

/* Begin XCConfigurationList section */
		848B321C237C413600EF1F3C /* Build configuration list for PBXProject "ReadSpeed" */ = {
			isa = XCConfigurationList;
			buildConfigurations = (
				848B3234237C413700EF1F3C /* Debug */,
				848B3235237C413700EF1F3C /* Release */,
			);
			defaultConfigurationIsVisible = 0;
			defaultConfigurationName = Release;
		};
		848B3236237C413700EF1F3C /* Build configuration list for PBXNativeTarget "ReadSpeed" */ = {
			isa = XCConfigurationList;
			buildConfigurations = (
				848B3237237C413700EF1F3C /* Debug */,
				848B3238237C413700EF1F3C /* Release */,
			);
			defaultConfigurationIsVisible = 0;
			defaultConfigurationName = Release;
		};
/* End XCConfigurationList section */

/* Begin XCVersionGroup section */
		848B322B237C413600EF1F3C /* ReadSpeed.xcdatamodeld */ = {
			isa = XCVersionGroup;
			children = (
				848B322C237C413600EF1F3C /* ReadSpeed.xcdatamodel */,
			);
			currentVersion = 848B322C237C413600EF1F3C /* ReadSpeed.xcdatamodel */;
			path = ReadSpeed.xcdatamodeld;
			sourceTree = "<group>";
			versionGroupType = wrapper.xcdatamodel;
		};
/* End XCVersionGroup section */
	};
	rootObject = 848B3219237C413600EF1F3C /* Project object */;
}
